
Microsoft Visual Studio Solution File, Format Version 12.00
Project("{FAE04EC0-301F-11D3-BF4B-00C04F79EFBC}") = "Learn CSharp", "Learn CSharp\Learn CSharp.csproj", "{3FDA9D01-D0C1-413D-A339-7AE122258FD9}"
EndProject
Global
	GlobalSection(SolutionConfigurationPlatforms) = preSolution
		Debug|Any CPU = Debug|Any CPU
		Release|Any CPU = Release|Any CPU
	EndGlobalSection
	GlobalSection(ProjectConfigurationPlatforms) = postSolution
		{3FDA9D01-D0C1-413D-A339-7AE122258FD9}.Debug|Any CPU.ActiveCfg = Debug|Any CPU
		{3FDA9D01-D0C1-413D-A339-7AE122258FD9}.Debug|Any CPU.Build.0 = Debug|Any CPU
		{3FDA9D01-D0C1-413D-A339-7AE122258FD9}.Release|Any CPU.ActiveCfg = Release|Any CPU
		{3FDA9D01-D0C1-413D-A339-7AE122258FD9}.Release|Any CPU.Build.0 = Release|Any CPU
	EndGlobalSection
EndGlobal
